// !$*UTF8*$!
{
	archiveVersion = 1;
	classes = {
	};
	objectVersion = 55;
	objects = {

/* Begin PBXBuildFile section */
		3C1C36C7FF4A3635E4BD0B9A /* Pods_ToDoListRealm.framework in Frameworks */ = {isa = PBXBuildFile; fileRef = 4EA2796DF339C1356E375508 /* Pods_ToDoListRealm.framework */; };
		A311BF752815A4200056662C /* AppDelegate.swift in Sources */ = {isa = PBXBuildFile; fileRef = A311BF742815A4200056662C /* AppDelegate.swift */; };
		A311BF772815A4200056662C /* SceneDelegate.swift in Sources */ = {isa = PBXBuildFile; fileRef = A311BF762815A4200056662C /* SceneDelegate.swift */; };
		A311BF7E2815A4210056662C /* Assets.xcassets in Resources */ = {isa = PBXBuildFile; fileRef = A311BF7D2815A4210056662C /* Assets.xcassets */; };
		A311BF812815A4210056662C /* LaunchScreen.storyboard in Resources */ = {isa = PBXBuildFile; fileRef = A311BF7F2815A4210056662C /* LaunchScreen.storyboard */; };
		A3498B6A282AE9AD00247396 /* TaskList.swift in Sources */ = {isa = PBXBuildFile; fileRef = A3498B69282AE9AD00247396 /* TaskList.swift */; };
		A3498B6D282AEBAE00247396 /* DataManager.swift in Sources */ = {isa = PBXBuildFile; fileRef = A3498B6C282AEBAE00247396 /* DataManager.swift */; };
		A3498B6F282AEF0D00247396 /* StorageManager.swift in Sources */ = {isa = PBXBuildFile; fileRef = A3498B6E282AEF0D00247396 /* StorageManager.swift */; };
		A3498B71282AF07C00247396 /* TableViewController.swift in Sources */ = {isa = PBXBuildFile; fileRef = A3498B70282AF07C00247396 /* TableViewController.swift */; };
		A3498B72282AF3F400247396 /* Main.storyboard in Resources */ = {isa = PBXBuildFile; fileRef = A3498B67282AE1CD00247396 /* Main.storyboard */; };
		A3498B79282D22F800247396 /* TaskViewController.swift in Sources */ = {isa = PBXBuildFile; fileRef = A3498B78282D22F800247396 /* TaskViewController.swift */; };
/* End PBXBuildFile section */

/* Begin PBXFileReference section */
		4EA2796DF339C1356E375508 /* Pods_ToDoListRealm.framework */ = {isa = PBXFileReference; explicitFileType = wrapper.framework; includeInIndex = 0; path = Pods_ToDoListRealm.framework; sourceTree = BUILT_PRODUCTS_DIR; };
		5BDBD0A69A18F747C99FF4A0 /* Pods-ToDoListRealm.debug.xcconfig */ = {isa = PBXFileReference; includeInIndex = 1; lastKnownFileType = text.xcconfig; name = "Pods-ToDoListRealm.debug.xcconfig"; path = "Target Support Files/Pods-ToDoListRealm/Pods-ToDoListRealm.debug.xcconfig"; sourceTree = "<group>"; };
		887F67CECC915730BE9BF2FD /* Pods-ToDoListRealm.release.xcconfig */ = {isa = PBXFileReference; includeInIndex = 1; lastKnownFileType = text.xcconfig; name = "Pods-ToDoListRealm.release.xcconfig"; path = "Target Support Files/Pods-ToDoListRealm/Pods-ToDoListRealm.release.xcconfig"; sourceTree = "<group>"; };
		A311BF712815A4200056662C /* ToDoListRealm.app */ = {isa = PBXFileReference; explicitFileType = wrapper.application; includeInIndex = 0; path = ToDoListRealm.app; sourceTree = BUILT_PRODUCTS_DIR; };
		A311BF742815A4200056662C /* AppDelegate.swift */ = {isa = PBXFileReference; lastKnownFileType = sourcecode.swift; path = AppDelegate.swift; sourceTree = "<group>"; };
		A311BF762815A4200056662C /* SceneDelegate.swift */ = {isa = PBXFileReference; lastKnownFileType = sourcecode.swift; path = SceneDelegate.swift; sourceTree = "<group>"; };
		A311BF7D2815A4210056662C /* Assets.xcassets */ = {isa = PBXFileReference; lastKnownFileType = folder.assetcatalog; path = Assets.xcassets; sourceTree = "<group>"; };
		A311BF802815A4210056662C /* Base */ = {isa = PBXFileReference; lastKnownFileType = file.storyboard; name = Base; path = Base.lproj/LaunchScreen.storyboard; sourceTree = "<group>"; };
		A311BF822815A4210056662C /* Info.plist */ = {isa = PBXFileReference; lastKnownFileType = text.plist.xml; path = Info.plist; sourceTree = "<group>"; };
		A3498B67282AE1CD00247396 /* Main.storyboard */ = {isa = PBXFileReference; lastKnownFileType = file.storyboard; name = Main.storyboard; path = /Users/sergejivancihin/Documents/GitHub/SwiftBook/ToDoListRealm/ToDoListRealm/Main.storyboard; sourceTree = "<absolute>"; };
		A3498B69282AE9AD00247396 /* TaskList.swift */ = {isa = PBXFileReference; lastKnownFileType = sourcecode.swift; path = TaskList.swift; sourceTree = "<group>"; };
		A3498B6C282AEBAE00247396 /* DataManager.swift */ = {isa = PBXFileReference; lastKnownFileType = sourcecode.swift; path = DataManager.swift; sourceTree = "<group>"; };
		A3498B6E282AEF0D00247396 /* StorageManager.swift */ = {isa = PBXFileReference; lastKnownFileType = sourcecode.swift; path = StorageManager.swift; sourceTree = "<group>"; };
		A3498B70282AF07C00247396 /* TableViewController.swift */ = {isa = PBXFileReference; lastKnownFileType = sourcecode.swift; path = TableViewController.swift; sourceTree = "<group>"; };
		A3498B78282D22F800247396 /* TaskViewController.swift */ = {isa = PBXFileReference; lastKnownFileType = sourcecode.swift; path = TaskViewController.swift; sourceTree = "<group>"; };
/* End PBXFileReference section */

/* Begin PBXFrameworksBuildPhase section */
		A311BF6E2815A4200056662C /* Frameworks */ = {
			isa = PBXFrameworksBuildPhase;
			buildActionMask = 2147483647;
			files = (
				3C1C36C7FF4A3635E4BD0B9A /* Pods_ToDoListRealm.framework in Frameworks */,
			);
			runOnlyForDeploymentPostprocessing = 0;
		};
/* End PBXFrameworksBuildPhase section */

/* Begin PBXGroup section */
		A311BF682815A4200056662C = {
			isa = PBXGroup;
			children = (
				A311BF732815A4200056662C /* ToDoListRealm */,
				A311BF722815A4200056662C /* Products */,
				C96F587483BB41F85CD06B6D /* Pods */,
				D4B9FD55BC58D55DDE46CD14 /* Frameworks */,
			);
			sourceTree = "<group>";
		};
		A311BF722815A4200056662C /* Products */ = {
			isa = PBXGroup;
			children = (
				A311BF712815A4200056662C /* ToDoListRealm.app */,
			);
			name = Products;
			sourceTree = "<group>";
		};
		A311BF732815A4200056662C /* ToDoListRealm */ = {
			isa = PBXGroup;
			children = (
				A311BF742815A4200056662C /* AppDelegate.swift */,
				A311BF762815A4200056662C /* SceneDelegate.swift */,
				A311BF7D2815A4210056662C /* Assets.xcassets */,
				A311BF7F2815A4210056662C /* LaunchScreen.storyboard */,
				A3498B67282AE1CD00247396 /* Main.storyboard */,
				A3498B73282D1CB200247396 /* Controllers */,
				A311BF822815A4210056662C /* Info.plist */,
				A3498B6B282AEB8A00247396 /* Services */,
				A3498B68282AE99200247396 /* Models */,
			);
			path = ToDoListRealm;
			sourceTree = "<group>";
		};
		A3498B68282AE99200247396 /* Models */ = {
			isa = PBXGroup;
			children = (
				A3498B69282AE9AD00247396 /* TaskList.swift */,
			);
			name = Models;
			path = ..;
			sourceTree = "<group>";
		};
		A3498B6B282AEB8A00247396 /* Services */ = {
			isa = PBXGroup;
			children = (
				A3498B6C282AEBAE00247396 /* DataManager.swift */,
				A3498B6E282AEF0D00247396 /* StorageManager.swift */,
			);
			path = Services;
			sourceTree = "<group>";
		};
		A3498B73282D1CB200247396 /* Controllers */ = {
			isa = PBXGroup;
			children = (
				A3498B70282AF07C00247396 /* TableViewController.swift */,
				A3498B78282D22F800247396 /* TaskViewController.swift */,
			);
			path = Controllers;
			sourceTree = "<group>";
		};
		C96F587483BB41F85CD06B6D /* Pods */ = {
			isa = PBXGroup;
			children = (
				5BDBD0A69A18F747C99FF4A0 /* Pods-ToDoListRealm.debug.xcconfig */,
				887F67CECC915730BE9BF2FD /* Pods-ToDoListRealm.release.xcconfig */,
			);
			path = Pods;
			sourceTree = "<group>";
		};
		D4B9FD55BC58D55DDE46CD14 /* Frameworks */ = {
			isa = PBXGroup;
			children = (
				4EA2796DF339C1356E375508 /* Pods_ToDoListRealm.framework */,
			);
			name = Frameworks;
			sourceTree = "<group>";
		};
/* End PBXGroup section */

/* Begin PBXNativeTarget section */
		A311BF702815A4200056662C /* ToDoListRealm */ = {
			isa = PBXNativeTarget;
			buildConfigurationList = A311BF852815A4210056662C /* Build configuration list for PBXNativeTarget "ToDoListRealm" */;
			buildPhases = (
				1684AFBD579CCC0BE59259C7 /* [CP] Check Pods Manifest.lock */,
				A311BF6D2815A4200056662C /* Sources */,
				A311BF6E2815A4200056662C /* Frameworks */,
				A311BF6F2815A4200056662C /* Resources */,
				C38360EAF3292B16BF7EEA20 /* [CP] Embed Pods Frameworks */,
			);
			buildRules = (
			);
			dependencies = (
			);
			name = ToDoListRealm;
			productName = ToDoListRealm;
			productReference = A311BF712815A4200056662C /* ToDoListRealm.app */;
			productType = "com.apple.product-type.application";
		};
/* End PBXNativeTarget section */

/* Begin PBXProject section */
		A311BF692815A4200056662C /* Project object */ = {
			isa = PBXProject;
			attributes = {
				BuildIndependentTargetsInParallel = 1;
				LastSwiftUpdateCheck = 1330;
				LastUpgradeCheck = 1330;
				TargetAttributes = {
					A311BF702815A4200056662C = {
						CreatedOnToolsVersion = 13.3.1;
					};
				};
			};
			buildConfigurationList = A311BF6C2815A4200056662C /* Build configuration list for PBXProject "ToDoListRealm" */;
			compatibilityVersion = "Xcode 13.0";
			developmentRegion = en;
			hasScannedForEncodings = 0;
			knownRegions = (
				en,
				Base,
			);
			mainGroup = A311BF682815A4200056662C;
			productRefGroup = A311BF722815A4200056662C /* Products */;
			projectDirPath = "";
			projectRoot = "";
			targets = (
				A311BF702815A4200056662C /* ToDoListRealm */,
			);
		};
/* End PBXProject section */

/* Begin PBXResourcesBuildPhase section */
		A311BF6F2815A4200056662C /* Resources */ = {
			isa = PBXResourcesBuildPhase;
			buildActionMask = 2147483647;
			files = (
				A3498B72282AF3F400247396 /* Main.storyboard in Resources */,
				A311BF812815A4210056662C /* LaunchScreen.storyboard in Resources */,
				A311BF7E2815A4210056662C /* Assets.xcassets in Resources */,
			);
			runOnlyForDeploymentPostprocessing = 0;
		};
/* End PBXResourcesBuildPhase section */

/* Begin PBXShellScriptBuildPhase section */
		1684AFBD579CCC0BE59259C7 /* [CP] Check Pods Manifest.lock */ = {
			isa = PBXShellScriptBuildPhase;
			buildActionMask = 2147483647;
			files = (
			);
			inputFileListPaths = (
			);
			inputPaths = (
				"${PODS_PODFILE_DIR_PATH}/Podfile.lock",
				"${PODS_ROOT}/Manifest.lock",
			);
			name = "[CP] Check Pods Manifest.lock";
			outputFileListPaths = (
			);
			outputPaths = (
				"$(DERIVED_FILE_DIR)/Pods-ToDoListRealm-checkManifestLockResult.txt",
			);
			runOnlyForDeploymentPostprocessing = 0;
			shellPath = /bin/sh;
			shellScript = "diff \"${PODS_PODFILE_DIR_PATH}/Podfile.lock\" \"${PODS_ROOT}/Manifest.lock\" > /dev/null\nif [ $? != 0 ] ; then\n    # print error to STDERR\n    echo \"error: The sandbox is not in sync with the Podfile.lock. Run 'pod install' or update your CocoaPods installation.\" >&2\n    exit 1\nfi\n# This output is used by Xcode 'outputs' to avoid re-running this script phase.\necho \"SUCCESS\" > \"${SCRIPT_OUTPUT_FILE_0}\"\n";
			showEnvVarsInLog = 0;
		};
		C38360EAF3292B16BF7EEA20 /* [CP] Embed Pods Frameworks */ = {
			isa = PBXShellScriptBuildPhase;
			buildActionMask = 2147483647;
			files = (
			);
			inputFileListPaths = (
				"${PODS_ROOT}/Target Support Files/Pods-ToDoListRealm/Pods-ToDoListRealm-frameworks-${CONFIGURATION}-input-files.xcfilelist",
			);
			name = "[CP] Embed Pods Frameworks";
			outputFileListPaths = (
				"${PODS_ROOT}/Target Support Files/Pods-ToDoListRealm/Pods-ToDoListRealm-frameworks-${CONFIGURATION}-output-files.xcfilelist",
			);
			runOnlyForDeploymentPostprocessing = 0;
			shellPath = /bin/sh;
			shellScript = "\"${PODS_ROOT}/Target Support Files/Pods-ToDoListRealm/Pods-ToDoListRealm-frameworks.sh\"\n";
			showEnvVarsInLog = 0;
		};
/* End PBXShellScriptBuildPhase section */

/* Begin PBXSourcesBuildPhase section */
		A311BF6D2815A4200056662C /* Sources */ = {
			isa = PBXSourcesBuildPhase;
			buildActionMask = 2147483647;
			files = (
				A3498B6A282AE9AD00247396 /* TaskList.swift in Sources */,
				A3498B79282D22F800247396 /* TaskViewController.swift in Sources */,
				A3498B71282AF07C00247396 /* TableViewController.swift in Sources */,
				A3498B6D282AEBAE00247396 /* DataManager.swift in Sources */,
				A3498B6F282AEF0D00247396 /* StorageManager.swift in Sources */,
				A311BF752815A4200056662C /* AppDelegate.swift in Sources */,
				A311BF772815A4200056662C /* SceneDelegate.swift in Sources */,
			);
			runOnlyForDeploymentPostprocessing = 0;
		};
/* End PBXSourcesBuildPhase section */

/* Begin PBXVariantGroup section */
		A311BF7F2815A4210056662C /* LaunchScreen.storyboard */ = {
			isa = PBXVariantGroup;
			children = (
				A311BF802815A4210056662C /* Base */,
			);
			name = LaunchScreen.storyboard;
			sourceTree = "<group>";
		};
/* End PBXVariantGroup section */

/* Begin XCBuildConfiguration section */
		A311BF832815A4210056662C /* Debug */ = {
			isa = XCBuildConfiguration;
			buildSettings = {
				ALWAYS_SEARCH_USER_PATHS = NO;
				CLANG_ANALYZER_NONNULL = YES;
				CLANG_ANALYZER_NUMBER_OBJECT_CONVERSION = YES_AGGRESSIVE;
				CLANG_CXX_LANGUAGE_STANDARD = "gnu++17";
				CLANG_ENABLE_MODULES = YES;
				CLANG_ENABLE_OBJC_ARC = YES;
				CLANG_ENABLE_OBJC_WEAK = YES;
				CLANG_WARN_BLOCK_CAPTURE_AUTORELEASING = YES;
				CLANG_WARN_BOOL_CONVERSION = YES;
				CLANG_WARN_COMMA = YES;
				CLANG_WARN_CONSTANT_CONVERSION = YES;
				CLANG_WARN_DEPRECATED_OBJC_IMPLEMENTATIONS = YES;
				CLANG_WARN_DIRECT_OBJC_ISA_USAGE = YES_ERROR;
				CLANG_WARN_DOCUMENTATION_COMMENTS = YES;
				CLANG_WARN_EMPTY_BODY = YES;
				CLANG_WARN_ENUM_CONVERSION = YES;
				CLANG_WARN_INFINITE_RECURSION = YES;
				CLANG_WARN_INT_CONVERSION = YES;
				CLANG_WARN_NON_LITERAL_NULL_CONVERSION = YES;
				CLANG_WARN_OBJC_IMPLICIT_RETAIN_SELF = YES;
				CLANG_WARN_OBJC_LITERAL_CONVERSION = YES;
				CLANG_WARN_OBJC_ROOT_CLASS = YES_ERROR;
				CLANG_WARN_QUOTED_INCLUDE_IN_FRAMEWORK_HEADER = YES;
				CLANG_WARN_RANGE_LOOP_ANALYSIS = YES;
				CLANG_WARN_STRICT_PROTOTYPES = YES;
				CLANG_WARN_SUSPICIOUS_MOVE = YES;
				CLANG_WARN_UNGUARDED_AVAILABILITY = YES_AGGRESSIVE;
				CLANG_WARN_UNREACHABLE_CODE = YES;
				CLANG_WARN__DUPLICATE_METHOD_MATCH = YES;
				COPY_PHASE_STRIP = NO;
				DEBUG_INFORMATION_FORMAT = dwarf;
				ENABLE_STRICT_OBJC_MSGSEND = YES;
				ENABLE_TESTABILITY = YES;
				GCC_C_LANGUAGE_STANDARD = gnu11;
				GCC_DYNAMIC_NO_PIC = NO;
				GCC_NO_COMMON_BLOCKS = YES;
				GCC_OPTIMIZATION_LEVEL = 0;
				GCC_PREPROCESSOR_DEFINITIONS = (
					"DEBUG=1",
					"$(inherited)",
				);
				GCC_WARN_64_TO_32_BIT_CONVERSION = YES;
				GCC_WARN_ABOUT_RETURN_TYPE = YES_ERROR;
				GCC_WARN_UNDECLARED_SELECTOR = YES;
				GCC_WARN_UNINITIALIZED_AUTOS = YES_AGGRESSIVE;
				GCC_WARN_UNUSED_FUNCTION = YES;
				GCC_WARN_UNUSED_VARIABLE = YES;
				IPHONEOS_DEPLOYMENT_TARGET = 15.4;
				MTL_ENABLE_DEBUG_INFO = INCLUDE_SOURCE;
				MTL_FAST_MATH = YES;
				ONLY_ACTIVE_ARCH = YES;
				SDKROOT = iphoneos;
				SWIFT_ACTIVE_COMPILATION_CONDITIONS = DEBUG;
				SWIFT_OPTIMIZATION_LEVEL = "-Onone";
			};
			name = Debug;
		};
		A311BF842815A4210056662C /* Release */ = {
			isa = XCBuildConfiguration;
			buildSettings = {
				ALWAYS_SEARCH_USER_PATHS = NO;
				CLANG_ANALYZER_NONNULL = YES;
				CLANG_ANALYZER_NUMBER_OBJECT_CONVERSION = YES_AGGRESSIVE;
				CLANG_CXX_LANGUAGE_STANDARD = "gnu++17";
				CLANG_ENABLE_MODULES = YES;
				CLANG_ENABLE_OBJC_ARC = YES;
				CLANG_ENABLE_OBJC_WEAK = YES;
				CLANG_WARN_BLOCK_CAPTURE_AUTORELEASING = YES;
				CLANG_WARN_BOOL_CONVERSION = YES;
				CLANG_WARN_COMMA = YES;
				CLANG_WARN_CONSTANT_CONVERSION = YES;
				CLANG_WARN_DEPRECATED_OBJC_IMPLEMENTATIONS = YES;
				CLANG_WARN_DIRECT_OBJC_ISA_USAGE = YES_ERROR;
				CLANG_WARN_DOCUMENTATION_COMMENTS = YES;
				CLANG_WARN_EMPTY_BODY = YES;
				CLANG_WARN_ENUM_CONVERSION = YES;
				CLANG_WARN_INFINITE_RECURSION = YES;
				CLANG_WARN_INT_CONVERSION = YES;
				CLANG_WARN_NON_LITERAL_NULL_CONVERSION = YES;
				CLANG_WARN_OBJC_IMPLICIT_RETAIN_SELF = YES;
				CLANG_WARN_OBJC_LITERAL_CONVERSION = YES;
				CLANG_WARN_OBJC_ROOT_CLASS = YES_ERROR;
				CLANG_WARN_QUOTED_INCLUDE_IN_FRAMEWORK_HEADER = YES;
				CLANG_WARN_RANGE_LOOP_ANALYSIS = YES;
				CLANG_WARN_STRICT_PROTOTYPES = YES;
				CLANG_WARN_SUSPICIOUS_MOVE = YES;
				CLANG_WARN_UNGUARDED_AVAILABILITY = YES_AGGRESSIVE;
				CLANG_WARN_UNREACHABLE_CODE = YES;
				CLANG_WARN__DUPLICATE_METHOD_MATCH = YES;
				COPY_PHASE_STRIP = NO;
				DEBUG_INFORMATION_FORMAT = "dwarf-with-dsym";
				ENABLE_NS_ASSERTIONS = NO;
				ENABLE_STRICT_OBJC_MSGSEND = YES;
				GCC_C_LANGUAGE_STANDARD = gnu11;
				GCC_NO_COMMON_BLOCKS = YES;
				GCC_WARN_64_TO_32_BIT_CONVERSION = YES;
				GCC_WARN_ABOUT_RETURN_TYPE = YES_ERROR;
				GCC_WARN_UNDECLARED_SELECTOR = YES;
				GCC_WARN_UNINITIALIZED_AUTOS = YES_AGGRESSIVE;
				GCC_WARN_UNUSED_FUNCTION = YES;
				GCC_WARN_UNUSED_VARIABLE = YES;
				IPHONEOS_DEPLOYMENT_TARGET = 15.4;
				MTL_ENABLE_DEBUG_INFO = NO;
				MTL_FAST_MATH = YES;
				SDKROOT = iphoneos;
				SWIFT_COMPILATION_MODE = wholemodule;
				SWIFT_OPTIMIZATION_LEVEL = "-O";
				VALIDATE_PRODUCT = YES;
			};
			name = Release;
		};
		A311BF862815A4210056662C /* Debug */ = {
			isa = XCBuildConfiguration;
			baseConfigurationReference = 5BDBD0A69A18F747C99FF4A0 /* Pods-ToDoListRealm.debug.xcconfig */;
			buildSettings = {
				ASSETCATALOG_COMPILER_APPICON_NAME = AppIcon;
				ASSETCATALOG_COMPILER_GLOBAL_ACCENT_COLOR_NAME = AccentColor;
				CODE_SIGN_STYLE = Automatic;
				CURRENT_PROJECT_VERSION = 1;
				DEVELOPMENT_TEAM = 64V4X3L8W4;
				GENERATE_INFOPLIST_FILE = YES;
				INFOPLIST_FILE = ToDoListRealm/Info.plist;
				INFOPLIST_KEY_UIApplicationSupportsIndirectInputEvents = YES;
				INFOPLIST_KEY_UILaunchStoryboardName = LaunchScreen;
				INFOPLIST_KEY_UIMainStoryboardFile = Main;
				INFOPLIST_KEY_UISupportedInterfaceOrientations_iPad = "UIInterfaceOrientationPortrait UIInterfaceOrientationPortraitUpsideDown UIInterfaceOrientationLandscapeLeft UIInterfaceOrientationLandscapeRight";
				INFOPLIST_KEY_UISupportedInterfaceOrientations_iPhone = "UIInterfaceOrientationPortrait UIInterfaceOrientationLandscapeLeft UIInterfaceOrientationLandscapeRight";
				LD_RUNPATH_SEARCH_PATHS = (
					"$(inherited)",
					"@executable_path/Frameworks",
				);
				MARKETING_VERSION = 1.0;
				PRODUCT_BUNDLE_IDENTIFIER = com.pleskanev.ToDoListRealm;
				PRODUCT_NAME = "$(TARGET_NAME)";
				SWIFT_EMIT_LOC_STRINGS = YES;
				SWIFT_VERSION = 5.0;
				TARGETED_DEVICE_FAMILY = "1,2";
			};
			name = Debug;
		};
		A311BF872815A4210056662C /* Release */ = {
			isa = XCBuildConfiguration;
			baseConfigurationReference = 887F67CECC915730BE9BF2FD /* Pods-ToDoListRealm.release.xcconfig */;
			buildSettings = {
				ASSETCATALOG_COMPILER_APPICON_NAME = AppIcon;
				ASSETCATALOG_COMPILER_GLOBAL_ACCENT_COLOR_NAME = AccentColor;
				CODE_SIGN_STYLE = Automatic;
				CURRENT_PROJECT_VERSION = 1;
				DEVELOPMENT_TEAM = 64V4X3L8W4;
				GENERATE_INFOPLIST_FILE = YES;
				INFOPLIST_FILE = ToDoListRealm/Info.plist;
				INFOPLIST_KEY_UIApplicationSupportsIndirectInputEvents = YES;
				INFOPLIST_KEY_UILaunchStoryboardName = LaunchScreen;
				INFOPLIST_KEY_UIMainStoryboardFile = Main;
				INFOPLIST_KEY_UISupportedInterfaceOrientations_iPad = "UIInterfaceOrientationPortrait UIInterfaceOrientationPortraitUpsideDown UIInterfaceOrientationLandscapeLeft UIInterfaceOrientationLandscapeRight";
				INFOPLIST_KEY_UISupportedInterfaceOrientations_iPhone = "UIInterfaceOrientationPortrait UIInterfaceOrientationLandscapeLeft UIInterfaceOrientationLandscapeRight";
				LD_RUNPATH_SEARCH_PATHS = (
					"$(inherited)",
					"@executable_path/Frameworks",
				);
				MARKETING_VERSION = 1.0;
				PRODUCT_BUNDLE_IDENTIFIER = com.pleskanev.ToDoListRealm;
				PRODUCT_NAME = "$(TARGET_NAME)";
				SWIFT_EMIT_LOC_STRINGS = YES;
				SWIFT_VERSION = 5.0;
				TARGETED_DEVICE_FAMILY = "1,2";
			};
			name = Release;
		};
/* End XCBuildConfiguration section */

/* Begin XCConfigurationList section */
		A311BF6C2815A4200056662C /* Build configuration list for PBXProject "ToDoListRealm" */ = {
			isa = XCConfigurationList;
			buildConfigurations = (
				A311BF832815A4210056662C /* Debug */,
				A311BF842815A4210056662C /* Release */,
			);
			defaultConfigurationIsVisible = 0;
			defaultConfigurationName = Release;
		};
		A311BF852815A4210056662C /* Build configuration list for PBXNativeTarget "ToDoListRealm" */ = {
			isa = XCConfigurationList;
			buildConfigurations = (
				A311BF862815A4210056662C /* Debug */,
				A311BF872815A4210056662C /* Release */,
			);
			defaultConfigurationIsVisible = 0;
			defaultConfigurationName = Release;
		};
/* End XCConfigurationList section */
	};
	rootObject = A311BF692815A4200056662C /* Project object */;
}
